PODS:
  - iOSSnapshotTestCase (4.0.0):
    - iOSSnapshotTestCase/SwiftSupport (= 4.0.0)
  - iOSSnapshotTestCase/Core (4.0.0)
  - iOSSnapshotTestCase/SwiftSupport (4.0.0):
    - iOSSnapshotTestCase/Core
  - SwiftLint (0.28.1)

DEPENDENCIES:
  - iOSSnapshotTestCase
  - SwiftLint

SPEC REPOS:
  https://github.com/cocoapods/specs.git:
    - iOSSnapshotTestCase
    - SwiftLint

SPEC CHECKSUMS:
  iOSSnapshotTestCase: 711379b19f69a22c131527df862352c877c2773c
  SwiftLint: 7f5f7de0da74a649b16616cb5246ae323489656e

PODFILE CHECKSUM: 15091bc93b3ad4877b9864e0f22a0407f97de05d

COCOAPODS: 1.5.3
