// !$*UTF8*$!
{
	archiveVersion = 1;
	classes = {
	};
	objectVersion = 50;
	objects = {

/* Begin PBXBuildFile section */
		75E1C99094F914849EA96701 /* Pods_DigitAdderTests.framework in Frameworks */ = {isa = PBXBuildFile; fileRef = 48C628B696DC502E1406A830 /* Pods_DigitAdderTests.framework */; };
		90B5587BAEFA5F392DB220B2 /* Pods_DigitAdder.framework in Frameworks */ = {isa = PBXBuildFile; fileRef = 3FB0B205D5C1DB5ECF4B8AE1 /* Pods_DigitAdder.framework */; };
		CC361F8F21DDF0EC007B0CD2 /* DigitAdderTests.swift in Sources */ = {isa = PBXBuildFile; fileRef = CC3EAC6C21C12C19003AFE9A /* DigitAdderTests.swift */; };
		CC3EAC5821C12C18003AFE9A /* AppDelegate.swift in Sources */ = {isa = PBXBuildFile; fileRef = CC3EAC5721C12C18003AFE9A /* AppDelegate.swift */; };
		CC3EAC5A21C12C18003AFE9A /* MainViewController.swift in Sources */ = {isa = PBXBuildFile; fileRef = CC3EAC5921C12C18003AFE9A /* MainViewController.swift */; };
		CC3EAC5D21C12C18003AFE9A /* Main.storyboard in Resources */ = {isa = PBXBuildFile; fileRef = CC3EAC5B21C12C18003AFE9A /* Main.storyboard */; };
		CC3EAC5F21C12C19003AFE9A /* Assets.xcassets in Resources */ = {isa = PBXBuildFile; fileRef = CC3EAC5E21C12C19003AFE9A /* Assets.xcassets */; };
		CC3EAC6221C12C19003AFE9A /* LaunchScreen.storyboard in Resources */ = {isa = PBXBuildFile; fileRef = CC3EAC6021C12C19003AFE9A /* LaunchScreen.storyboard */; };
		CC3EAC6D21C12C19003AFE9A /* DigitAdderTests.swift in Sources */ = {isa = PBXBuildFile; fileRef = CC3EAC6C21C12C19003AFE9A /* DigitAdderTests.swift */; };
		CC3EAC7821C12C19003AFE9A /* DigitAdderUITests.swift in Sources */ = {isa = PBXBuildFile; fileRef = CC3EAC7721C12C19003AFE9A /* DigitAdderUITests.swift */; };
		CC7F765D21C26E90007E32EE /* MainViewController.swift in Sources */ = {isa = PBXBuildFile; fileRef = CC3EAC5921C12C18003AFE9A /* MainViewController.swift */; };
		CC7F766121C3A4AA007E32EE /* MainViewPresenter.swift in Sources */ = {isa = PBXBuildFile; fileRef = CC7F766021C3A4AA007E32EE /* MainViewPresenter.swift */; };
		CC7F766621C77969007E32EE /* MainVCUITest.swift in Sources */ = {isa = PBXBuildFile; fileRef = CC968EC221C12FA50040F2D1 /* MainVCUITest.swift */; };
		CC7F766721C77976007E32EE /* Main.storyboard in Resources */ = {isa = PBXBuildFile; fileRef = CC3EAC5B21C12C18003AFE9A /* Main.storyboard */; };
		CC7F766821C77977007E32EE /* Main.storyboard in Resources */ = {isa = PBXBuildFile; fileRef = CC3EAC5B21C12C18003AFE9A /* Main.storyboard */; };
		CC7F766921C7B27A007E32EE /* MainViewPresenter.swift in Sources */ = {isa = PBXBuildFile; fileRef = CC7F766021C3A4AA007E32EE /* MainViewPresenter.swift */; };
		CC7F766A21C7B27A007E32EE /* MainViewPresenter.swift in Sources */ = {isa = PBXBuildFile; fileRef = CC7F766021C3A4AA007E32EE /* MainViewPresenter.swift */; };
		CC87B5C921C8F88900F6D944 /* Utility.swift in Sources */ = {isa = PBXBuildFile; fileRef = CC87B5C821C8F88900F6D944 /* Utility.swift */; };
		CC87B5CA21C8FD0600F6D944 /* Utility.swift in Sources */ = {isa = PBXBuildFile; fileRef = CC87B5C821C8F88900F6D944 /* Utility.swift */; };
		CC87B5CB21C8FD0600F6D944 /* Utility.swift in Sources */ = {isa = PBXBuildFile; fileRef = CC87B5C821C8F88900F6D944 /* Utility.swift */; };
		CC87B5CC21C91BEB00F6D944 /* Assets.xcassets in Resources */ = {isa = PBXBuildFile; fileRef = CC3EAC5E21C12C19003AFE9A /* Assets.xcassets */; };
		CC87B5CD21C91BEB00F6D944 /* Assets.xcassets in Resources */ = {isa = PBXBuildFile; fileRef = CC3EAC5E21C12C19003AFE9A /* Assets.xcassets */; };
		CC968EC321C12FA50040F2D1 /* MainVCUITest.swift in Sources */ = {isa = PBXBuildFile; fileRef = CC968EC221C12FA50040F2D1 /* MainVCUITest.swift */; };
		D61C83D89ED6C8F8F0F92F9B /* Pods_DigitAdderUITests.framework in Frameworks */ = {isa = PBXBuildFile; fileRef = 07268A6CCF6BD8B7B0F3C0D4 /* Pods_DigitAdderUITests.framework */; };
/* End PBXBuildFile section */

/* Begin PBXContainerItemProxy section */
		CC3EAC6921C12C19003AFE9A /* PBXContainerItemProxy */ = {
			isa = PBXContainerItemProxy;
			containerPortal = CC3EAC4C21C12C18003AFE9A /* Project object */;
			proxyType = 1;
			remoteGlobalIDString = CC3EAC5321C12C18003AFE9A;
			remoteInfo = DigitAdder;
		};
		CC3EAC7421C12C19003AFE9A /* PBXContainerItemProxy */ = {
			isa = PBXContainerItemProxy;
			containerPortal = CC3EAC4C21C12C18003AFE9A /* Project object */;
			proxyType = 1;
			remoteGlobalIDString = CC3EAC5321C12C18003AFE9A;
			remoteInfo = DigitAdder;
		};
/* End PBXContainerItemProxy section */

/* Begin PBXFileReference section */
		023C17E08FB8404DDAE4D5B9 /* Pods-DigitAdderTests.release.xcconfig */ = {isa = PBXFileReference; includeInIndex = 1; lastKnownFileType = text.xcconfig; name = "Pods-DigitAdderTests.release.xcconfig"; path = "Pods/Target Support Files/Pods-DigitAdderTests/Pods-DigitAdderTests.release.xcconfig"; sourceTree = "<group>"; };
		07268A6CCF6BD8B7B0F3C0D4 /* Pods_DigitAdderUITests.framework */ = {isa = PBXFileReference; explicitFileType = wrapper.framework; includeInIndex = 0; path = Pods_DigitAdderUITests.framework; sourceTree = BUILT_PRODUCTS_DIR; };
		3FB0B205D5C1DB5ECF4B8AE1 /* Pods_DigitAdder.framework */ = {isa = PBXFileReference; explicitFileType = wrapper.framework; includeInIndex = 0; path = Pods_DigitAdder.framework; sourceTree = BUILT_PRODUCTS_DIR; };
		48C628B696DC502E1406A830 /* Pods_DigitAdderTests.framework */ = {isa = PBXFileReference; explicitFileType = wrapper.framework; includeInIndex = 0; path = Pods_DigitAdderTests.framework; sourceTree = BUILT_PRODUCTS_DIR; };
		512D04D3ED189AA7FEFFCFFC /* Pods-DigitAdderUITests.release.xcconfig */ = {isa = PBXFileReference; includeInIndex = 1; lastKnownFileType = text.xcconfig; name = "Pods-DigitAdderUITests.release.xcconfig"; path = "Pods/Target Support Files/Pods-DigitAdderUITests/Pods-DigitAdderUITests.release.xcconfig"; sourceTree = "<group>"; };
		6FDBAEC01BACF40DC20704DE /* Pods-DigitAdder.debug.xcconfig */ = {isa = PBXFileReference; includeInIndex = 1; lastKnownFileType = text.xcconfig; name = "Pods-DigitAdder.debug.xcconfig"; path = "Pods/Target Support Files/Pods-DigitAdder/Pods-DigitAdder.debug.xcconfig"; sourceTree = "<group>"; };
		C974374B08DF4A382D7425EB /* Pods-DigitAdderUITests.debug.xcconfig */ = {isa = PBXFileReference; includeInIndex = 1; lastKnownFileType = text.xcconfig; name = "Pods-DigitAdderUITests.debug.xcconfig"; path = "Pods/Target Support Files/Pods-DigitAdderUITests/Pods-DigitAdderUITests.debug.xcconfig"; sourceTree = "<group>"; };
		CC3EAC5421C12C18003AFE9A /* DigitAdder.app */ = {isa = PBXFileReference; explicitFileType = wrapper.application; includeInIndex = 0; path = DigitAdder.app; sourceTree = BUILT_PRODUCTS_DIR; };
		CC3EAC5721C12C18003AFE9A /* AppDelegate.swift */ = {isa = PBXFileReference; lastKnownFileType = sourcecode.swift; path = AppDelegate.swift; sourceTree = "<group>"; };
		CC3EAC5921C12C18003AFE9A /* MainViewController.swift */ = {isa = PBXFileReference; lastKnownFileType = sourcecode.swift; path = MainViewController.swift; sourceTree = "<group>"; };
		CC3EAC5C21C12C18003AFE9A /* Base */ = {isa = PBXFileReference; lastKnownFileType = file.storyboard; name = Base; path = Base.lproj/Main.storyboard; sourceTree = "<group>"; };
		CC3EAC5E21C12C19003AFE9A /* Assets.xcassets */ = {isa = PBXFileReference; lastKnownFileType = folder.assetcatalog; path = Assets.xcassets; sourceTree = "<group>"; };
		CC3EAC6121C12C19003AFE9A /* Base */ = {isa = PBXFileReference; lastKnownFileType = file.storyboard; name = Base; path = Base.lproj/LaunchScreen.storyboard; sourceTree = "<group>"; };
		CC3EAC6321C12C19003AFE9A /* Info.plist */ = {isa = PBXFileReference; lastKnownFileType = text.plist.xml; path = Info.plist; sourceTree = "<group>"; };
		CC3EAC6821C12C19003AFE9A /* DigitAdderTests.xctest */ = {isa = PBXFileReference; explicitFileType = wrapper.cfbundle; includeInIndex = 0; path = DigitAdderTests.xctest; sourceTree = BUILT_PRODUCTS_DIR; };
		CC3EAC6C21C12C19003AFE9A /* DigitAdderTests.swift */ = {isa = PBXFileReference; lastKnownFileType = sourcecode.swift; path = DigitAdderTests.swift; sourceTree = "<group>"; };
		CC3EAC6E21C12C19003AFE9A /* Info.plist */ = {isa = PBXFileReference; lastKnownFileType = text.plist.xml; path = Info.plist; sourceTree = "<group>"; };
		CC3EAC7321C12C19003AFE9A /* DigitAdderUITests.xctest */ = {isa = PBXFileReference; explicitFileType = wrapper.cfbundle; includeInIndex = 0; path = DigitAdderUITests.xctest; sourceTree = BUILT_PRODUCTS_DIR; };
		CC3EAC7721C12C19003AFE9A /* DigitAdderUITests.swift */ = {isa = PBXFileReference; lastKnownFileType = sourcecode.swift; path = DigitAdderUITests.swift; sourceTree = "<group>"; };
		CC3EAC7921C12C19003AFE9A /* Info.plist */ = {isa = PBXFileReference; lastKnownFileType = text.plist.xml; path = Info.plist; sourceTree = "<group>"; };
		CC7F766021C3A4AA007E32EE /* MainViewPresenter.swift */ = {isa = PBXFileReference; lastKnownFileType = sourcecode.swift; path = MainViewPresenter.swift; sourceTree = "<group>"; };
		CC87B5C821C8F88900F6D944 /* Utility.swift */ = {isa = PBXFileReference; fileEncoding = 4; lastKnownFileType = sourcecode.swift; path = Utility.swift; sourceTree = "<group>"; };
		CC968EC221C12FA50040F2D1 /* MainVCUITest.swift */ = {isa = PBXFileReference; lastKnownFileType = sourcecode.swift; path = MainVCUITest.swift; sourceTree = "<group>"; };
		E870D7724A0D96311BAF39F5 /* Pods-DigitAdder.release.xcconfig */ = {isa = PBXFileReference; includeInIndex = 1; lastKnownFileType = text.xcconfig; name = "Pods-DigitAdder.release.xcconfig"; path = "Pods/Target Support Files/Pods-DigitAdder/Pods-DigitAdder.release.xcconfig"; sourceTree = "<group>"; };
		FC88A9942E14F9C0A24AA378 /* Pods-DigitAdderTests.debug.xcconfig */ = {isa = PBXFileReference; includeInIndex = 1; lastKnownFileType = text.xcconfig; name = "Pods-DigitAdderTests.debug.xcconfig"; path = "Pods/Target Support Files/Pods-DigitAdderTests/Pods-DigitAdderTests.debug.xcconfig"; sourceTree = "<group>"; };
/* End PBXFileReference section */

/* Begin PBXFrameworksBuildPhase section */
		CC3EAC5121C12C18003AFE9A /* Frameworks */ = {
			isa = PBXFrameworksBuildPhase;
			buildActionMask = 2147483647;
			files = (
				90B5587BAEFA5F392DB220B2 /* Pods_DigitAdder.framework in Frameworks */,
			);
			runOnlyForDeploymentPostprocessing = 0;
		};
		CC3EAC6521C12C19003AFE9A /* Frameworks */ = {
			isa = PBXFrameworksBuildPhase;
			buildActionMask = 2147483647;
			files = (
				75E1C99094F914849EA96701 /* Pods_DigitAdderTests.framework in Frameworks */,
			);
			runOnlyForDeploymentPostprocessing = 0;
		};
		CC3EAC7021C12C19003AFE9A /* Frameworks */ = {
			isa = PBXFrameworksBuildPhase;
			buildActionMask = 2147483647;
			files = (
				D61C83D89ED6C8F8F0F92F9B /* Pods_DigitAdderUITests.framework in Frameworks */,
			);
			runOnlyForDeploymentPostprocessing = 0;
		};
/* End PBXFrameworksBuildPhase section */

/* Begin PBXGroup section */
		65EB22FA022C99D295F145DD /* Pods */ = {
			isa = PBXGroup;
			children = (
				6FDBAEC01BACF40DC20704DE /* Pods-DigitAdder.debug.xcconfig */,
				E870D7724A0D96311BAF39F5 /* Pods-DigitAdder.release.xcconfig */,
				FC88A9942E14F9C0A24AA378 /* Pods-DigitAdderTests.debug.xcconfig */,
				023C17E08FB8404DDAE4D5B9 /* Pods-DigitAdderTests.release.xcconfig */,
				C974374B08DF4A382D7425EB /* Pods-DigitAdderUITests.debug.xcconfig */,
				512D04D3ED189AA7FEFFCFFC /* Pods-DigitAdderUITests.release.xcconfig */,
			);
			name = Pods;
			sourceTree = "<group>";
		};
		74EBB83475333C74973360C8 /* Frameworks */ = {
			isa = PBXGroup;
			children = (
				3FB0B205D5C1DB5ECF4B8AE1 /* Pods_DigitAdder.framework */,
				48C628B696DC502E1406A830 /* Pods_DigitAdderTests.framework */,
				07268A6CCF6BD8B7B0F3C0D4 /* Pods_DigitAdderUITests.framework */,
			);
			name = Frameworks;
			sourceTree = "<group>";
		};
		CC3EAC4B21C12C18003AFE9A = {
			isa = PBXGroup;
			children = (
				CC3EAC5621C12C18003AFE9A /* DigitAdder */,
				CC3EAC6B21C12C19003AFE9A /* DigitAdderTests */,
				CC3EAC7621C12C19003AFE9A /* DigitAdderUITests */,
				CC3EAC5521C12C18003AFE9A /* Products */,
				65EB22FA022C99D295F145DD /* Pods */,
				74EBB83475333C74973360C8 /* Frameworks */,
			);
			sourceTree = "<group>";
		};
		CC3EAC5521C12C18003AFE9A /* Products */ = {
			isa = PBXGroup;
			children = (
				CC3EAC5421C12C18003AFE9A /* DigitAdder.app */,
				CC3EAC6821C12C19003AFE9A /* DigitAdderTests.xctest */,
				CC3EAC7321C12C19003AFE9A /* DigitAdderUITests.xctest */,
			);
			name = Products;
			sourceTree = "<group>";
		};
		CC3EAC5621C12C18003AFE9A /* DigitAdder */ = {
			isa = PBXGroup;
			children = (
				CC87B5C821C8F88900F6D944 /* Utility.swift */,
				CC3EAC5721C12C18003AFE9A /* AppDelegate.swift */,
				CC3EAC5921C12C18003AFE9A /* MainViewController.swift */,
				CC7F766021C3A4AA007E32EE /* MainViewPresenter.swift */,
				CC3EAC5B21C12C18003AFE9A /* Main.storyboard */,
				CC3EAC5E21C12C19003AFE9A /* Assets.xcassets */,
				CC3EAC6021C12C19003AFE9A /* LaunchScreen.storyboard */,
				CC3EAC6321C12C19003AFE9A /* Info.plist */,
			);
			path = DigitAdder;
			sourceTree = "<group>";
		};
		CC3EAC6B21C12C19003AFE9A /* DigitAdderTests */ = {
			isa = PBXGroup;
			children = (
				CC3EAC6C21C12C19003AFE9A /* DigitAdderTests.swift */,
				CC3EAC6E21C12C19003AFE9A /* Info.plist */,
			);
			path = DigitAdderTests;
			sourceTree = "<group>";
		};
		CC3EAC7621C12C19003AFE9A /* DigitAdderUITests */ = {
			isa = PBXGroup;
			children = (
				CC3EAC7721C12C19003AFE9A /* DigitAdderUITests.swift */,
				CC3EAC7921C12C19003AFE9A /* Info.plist */,
				CC968EC221C12FA50040F2D1 /* MainVCUITest.swift */,
			);
			path = DigitAdderUITests;
			sourceTree = "<group>";
		};
/* End PBXGroup section */

/* Begin PBXNativeTarget section */
		CC3EAC5321C12C18003AFE9A /* DigitAdder */ = {
			isa = PBXNativeTarget;
			buildConfigurationList = CC3EAC7C21C12C19003AFE9A /* Build configuration list for PBXNativeTarget "DigitAdder" */;
			buildPhases = (
				85E197FE31BB941B24A772E4 /* [CP] Check Pods Manifest.lock */,
				CC3EAC5021C12C18003AFE9A /* Sources */,
				CC3EAC5121C12C18003AFE9A /* Frameworks */,
				CC3EAC5221C12C18003AFE9A /* Resources */,
			);
			buildRules = (
			);
			dependencies = (
			);
			name = DigitAdder;
			productName = DigitAdder;
			productReference = CC3EAC5421C12C18003AFE9A /* DigitAdder.app */;
			productType = "com.apple.product-type.application";
		};
		CC3EAC6721C12C19003AFE9A /* DigitAdderTests */ = {
			isa = PBXNativeTarget;
			buildConfigurationList = CC3EAC7F21C12C19003AFE9A /* Build configuration list for PBXNativeTarget "DigitAdderTests" */;
			buildPhases = (
				E2AF8E571C4A8A54AB7C68B8 /* [CP] Check Pods Manifest.lock */,
				CC3EAC6421C12C19003AFE9A /* Sources */,
				CC3EAC6521C12C19003AFE9A /* Frameworks */,
				CC3EAC6621C12C19003AFE9A /* Resources */,
				2D64D8B4761D1371D4A2EEDC /* [CP] Embed Pods Frameworks */,
			);
			buildRules = (
			);
			dependencies = (
				CC3EAC6A21C12C19003AFE9A /* PBXTargetDependency */,
			);
			name = DigitAdderTests;
			productName = DigitAdderTests;
			productReference = CC3EAC6821C12C19003AFE9A /* DigitAdderTests.xctest */;
			productType = "com.apple.product-type.bundle.unit-test";
		};
		CC3EAC7221C12C19003AFE9A /* DigitAdderUITests */ = {
			isa = PBXNativeTarget;
			buildConfigurationList = CC3EAC8221C12C19003AFE9A /* Build configuration list for PBXNativeTarget "DigitAdderUITests" */;
			buildPhases = (
				E381AB0BB02DD8B6B1DDCAC6 /* [CP] Check Pods Manifest.lock */,
				CC3EAC6F21C12C19003AFE9A /* Sources */,
				CC3EAC7021C12C19003AFE9A /* Frameworks */,
				CC3EAC7121C12C19003AFE9A /* Resources */,
				AB786DAA63E32A808702C4AD /* [CP] Embed Pods Frameworks */,
			);
			buildRules = (
			);
			dependencies = (
				CC3EAC7521C12C19003AFE9A /* PBXTargetDependency */,
			);
			name = DigitAdderUITests;
			productName = DigitAdderUITests;
			productReference = CC3EAC7321C12C19003AFE9A /* DigitAdderUITests.xctest */;
			productType = "com.apple.product-type.bundle.ui-testing";
		};
/* End PBXNativeTarget section */

/* Begin PBXProject section */
		CC3EAC4C21C12C18003AFE9A /* Project object */ = {
			isa = PBXProject;
			attributes = {
				LastSwiftUpdateCheck = 1000;
				LastUpgradeCheck = 1000;
				ORGANIZATIONNAME = globant;
				TargetAttributes = {
					CC3EAC5321C12C18003AFE9A = {
						CreatedOnToolsVersion = 10.0;
					};
					CC3EAC6721C12C19003AFE9A = {
						CreatedOnToolsVersion = 10.0;
						TestTargetID = CC3EAC5321C12C18003AFE9A;
					};
					CC3EAC7221C12C19003AFE9A = {
						CreatedOnToolsVersion = 10.0;
						TestTargetID = CC3EAC5321C12C18003AFE9A;
					};
				};
			};
			buildConfigurationList = CC3EAC4F21C12C18003AFE9A /* Build configuration list for PBXProject "DigitAdder" */;
			compatibilityVersion = "Xcode 9.3";
			developmentRegion = en;
			hasScannedForEncodings = 0;
			knownRegions = (
				en,
				Base,
			);
			mainGroup = CC3EAC4B21C12C18003AFE9A;
			productRefGroup = CC3EAC5521C12C18003AFE9A /* Products */;
			projectDirPath = "";
			projectRoot = "";
			targets = (
				CC3EAC5321C12C18003AFE9A /* DigitAdder */,
				CC3EAC6721C12C19003AFE9A /* DigitAdderTests */,
				CC3EAC7221C12C19003AFE9A /* DigitAdderUITests */,
			);
		};
/* End PBXProject section */

/* Begin PBXResourcesBuildPhase section */
		CC3EAC5221C12C18003AFE9A /* Resources */ = {
			isa = PBXResourcesBuildPhase;
			buildActionMask = 2147483647;
			files = (
				CC3EAC6221C12C19003AFE9A /* LaunchScreen.storyboard in Resources */,
				CC3EAC5F21C12C19003AFE9A /* Assets.xcassets in Resources */,
				CC3EAC5D21C12C18003AFE9A /* Main.storyboard in Resources */,
			);
			runOnlyForDeploymentPostprocessing = 0;
		};
		CC3EAC6621C12C19003AFE9A /* Resources */ = {
			isa = PBXResourcesBuildPhase;
			buildActionMask = 2147483647;
			files = (
				CC87B5CC21C91BEB00F6D944 /* Assets.xcassets in Resources */,
				CC7F766721C77976007E32EE /* Main.storyboard in Resources */,
			);
			runOnlyForDeploymentPostprocessing = 0;
		};
		CC3EAC7121C12C19003AFE9A /* Resources */ = {
			isa = PBXResourcesBuildPhase;
			buildActionMask = 2147483647;
			files = (
				CC87B5CD21C91BEB00F6D944 /* Assets.xcassets in Resources */,
				CC7F766821C77977007E32EE /* Main.storyboard in Resources */,
			);
			runOnlyForDeploymentPostprocessing = 0;
		};
/* End PBXResourcesBuildPhase section */

/* Begin PBXShellScriptBuildPhase section */
		2D64D8B4761D1371D4A2EEDC /* [CP] Embed Pods Frameworks */ = {
			isa = PBXShellScriptBuildPhase;
			buildActionMask = 2147483647;
			files = (
			);
			inputPaths = (
				"${SRCROOT}/Pods/Target Support Files/Pods-DigitAdderTests/Pods-DigitAdderTests-frameworks.sh",
				"${BUILT_PRODUCTS_DIR}/iOSSnapshotTestCase/FBSnapshotTestCase.framework",
			);
			name = "[CP] Embed Pods Frameworks";
			outputPaths = (
				"${TARGET_BUILD_DIR}/${FRAMEWORKS_FOLDER_PATH}/FBSnapshotTestCase.framework",
			);
			runOnlyForDeploymentPostprocessing = 0;
			shellPath = /bin/sh;
			shellScript = "\"${SRCROOT}/Pods/Target Support Files/Pods-DigitAdderTests/Pods-DigitAdderTests-frameworks.sh\"\n";
			showEnvVarsInLog = 0;
		};
		85E197FE31BB941B24A772E4 /* [CP] Check Pods Manifest.lock */ = {
			isa = PBXShellScriptBuildPhase;
			buildActionMask = 2147483647;
			files = (
			);
			inputPaths = (
				"${PODS_PODFILE_DIR_PATH}/Podfile.lock",
				"${PODS_ROOT}/Manifest.lock",
			);
			name = "[CP] Check Pods Manifest.lock";
			outputPaths = (
				"$(DERIVED_FILE_DIR)/Pods-DigitAdder-checkManifestLockResult.txt",
			);
			runOnlyForDeploymentPostprocessing = 0;
			shellPath = /bin/sh;
			shellScript = "diff \"${PODS_PODFILE_DIR_PATH}/Podfile.lock\" \"${PODS_ROOT}/Manifest.lock\" > /dev/null\nif [ $? != 0 ] ; then\n    # print error to STDERR\n    echo \"error: The sandbox is not in sync with the Podfile.lock. Run 'pod install' or update your CocoaPods installation.\" >&2\n    exit 1\nfi\n# This output is used by Xcode 'outputs' to avoid re-running this script phase.\necho \"SUCCESS\" > \"${SCRIPT_OUTPUT_FILE_0}\"\n";
			showEnvVarsInLog = 0;
		};
		AB786DAA63E32A808702C4AD /* [CP] Embed Pods Frameworks */ = {
			isa = PBXShellScriptBuildPhase;
			buildActionMask = 2147483647;
			files = (
			);
			inputPaths = (
				"${SRCROOT}/Pods/Target Support Files/Pods-DigitAdderUITests/Pods-DigitAdderUITests-frameworks.sh",
				"${BUILT_PRODUCTS_DIR}/iOSSnapshotTestCase/FBSnapshotTestCase.framework",
			);
			name = "[CP] Embed Pods Frameworks";
			outputPaths = (
				"${TARGET_BUILD_DIR}/${FRAMEWORKS_FOLDER_PATH}/FBSnapshotTestCase.framework",
			);
			runOnlyForDeploymentPostprocessing = 0;
			shellPath = /bin/sh;
			shellScript = "\"${SRCROOT}/Pods/Target Support Files/Pods-DigitAdderUITests/Pods-DigitAdderUITests-frameworks.sh\"\n";
			showEnvVarsInLog = 0;
		};
		E2AF8E571C4A8A54AB7C68B8 /* [CP] Check Pods Manifest.lock */ = {
			isa = PBXShellScriptBuildPhase;
			buildActionMask = 2147483647;
			files = (
			);
			inputPaths = (
				"${PODS_PODFILE_DIR_PATH}/Podfile.lock",
				"${PODS_ROOT}/Manifest.lock",
			);
			name = "[CP] Check Pods Manifest.lock";
			outputPaths = (
				"$(DERIVED_FILE_DIR)/Pods-DigitAdderTests-checkManifestLockResult.txt",
			);
			runOnlyForDeploymentPostprocessing = 0;
			shellPath = /bin/sh;
			shellScript = "diff \"${PODS_PODFILE_DIR_PATH}/Podfile.lock\" \"${PODS_ROOT}/Manifest.lock\" > /dev/null\nif [ $? != 0 ] ; then\n    # print error to STDERR\n    echo \"error: The sandbox is not in sync with the Podfile.lock. Run 'pod install' or update your CocoaPods installation.\" >&2\n    exit 1\nfi\n# This output is used by Xcode 'outputs' to avoid re-running this script phase.\necho \"SUCCESS\" > \"${SCRIPT_OUTPUT_FILE_0}\"\n";
			showEnvVarsInLog = 0;
		};
		E381AB0BB02DD8B6B1DDCAC6 /* [CP] Check Pods Manifest.lock */ = {
			isa = PBXShellScriptBuildPhase;
			buildActionMask = 2147483647;
			files = (
			);
			inputPaths = (
				"${PODS_PODFILE_DIR_PATH}/Podfile.lock",
				"${PODS_ROOT}/Manifest.lock",
			);
			name = "[CP] Check Pods Manifest.lock";
			outputPaths = (
				"$(DERIVED_FILE_DIR)/Pods-DigitAdderUITests-checkManifestLockResult.txt",
			);
			runOnlyForDeploymentPostprocessing = 0;
			shellPath = /bin/sh;
			shellScript = "diff \"${PODS_PODFILE_DIR_PATH}/Podfile.lock\" \"${PODS_ROOT}/Manifest.lock\" > /dev/null\nif [ $? != 0 ] ; then\n    # print error to STDERR\n    echo \"error: The sandbox is not in sync with the Podfile.lock. Run 'pod install' or update your CocoaPods installation.\" >&2\n    exit 1\nfi\n# This output is used by Xcode 'outputs' to avoid re-running this script phase.\necho \"SUCCESS\" > \"${SCRIPT_OUTPUT_FILE_0}\"\n";
			showEnvVarsInLog = 0;
		};
/* End PBXShellScriptBuildPhase section */

/* Begin PBXSourcesBuildPhase section */
		CC3EAC5021C12C18003AFE9A /* Sources */ = {
			isa = PBXSourcesBuildPhase;
			buildActionMask = 2147483647;
			files = (
				CC87B5C921C8F88900F6D944 /* Utility.swift in Sources */,
				CC3EAC5A21C12C18003AFE9A /* MainViewController.swift in Sources */,
				CC3EAC5821C12C18003AFE9A /* AppDelegate.swift in Sources */,
				CC7F766121C3A4AA007E32EE /* MainViewPresenter.swift in Sources */,
			);
			runOnlyForDeploymentPostprocessing = 0;
		};
		CC3EAC6421C12C19003AFE9A /* Sources */ = {
			isa = PBXSourcesBuildPhase;
			buildActionMask = 2147483647;
			files = (
				CC87B5CA21C8FD0600F6D944 /* Utility.swift in Sources */,
				CC3EAC6D21C12C19003AFE9A /* DigitAdderTests.swift in Sources */,
				CC7F766621C77969007E32EE /* MainVCUITest.swift in Sources */,
				CC7F766921C7B27A007E32EE /* MainViewPresenter.swift in Sources */,
			);
			runOnlyForDeploymentPostprocessing = 0;
		};
		CC3EAC6F21C12C19003AFE9A /* Sources */ = {
			isa = PBXSourcesBuildPhase;
			buildActionMask = 2147483647;
			files = (
				CC87B5CB21C8FD0600F6D944 /* Utility.swift in Sources */,
				CC7F765D21C26E90007E32EE /* MainViewController.swift in Sources */,
				CC361F8F21DDF0EC007B0CD2 /* DigitAdderTests.swift in Sources */,
				CC7F766A21C7B27A007E32EE /* MainViewPresenter.swift in Sources */,
				CC3EAC7821C12C19003AFE9A /* DigitAdderUITests.swift in Sources */,
				CC968EC321C12FA50040F2D1 /* MainVCUITest.swift in Sources */,
			);
			runOnlyForDeploymentPostprocessing = 0;
		};
/* End PBXSourcesBuildPhase section */

/* Begin PBXTargetDependency section */
		CC3EAC6A21C12C19003AFE9A /* PBXTargetDependency */ = {
			isa = PBXTargetDependency;
			target = CC3EAC5321C12C18003AFE9A /* DigitAdder */;
			targetProxy = CC3EAC6921C12C19003AFE9A /* PBXContainerItemProxy */;
		};
		CC3EAC7521C12C19003AFE9A /* PBXTargetDependency */ = {
			isa = PBXTargetDependency;
			target = CC3EAC5321C12C18003AFE9A /* DigitAdder */;
			targetProxy = CC3EAC7421C12C19003AFE9A /* PBXContainerItemProxy */;
		};
/* End PBXTargetDependency section */

/* Begin PBXVariantGroup section */
		CC3EAC5B21C12C18003AFE9A /* Main.storyboard */ = {
			isa = PBXVariantGroup;
			children = (
				CC3EAC5C21C12C18003AFE9A /* Base */,
			);
			name = Main.storyboard;
			sourceTree = "<group>";
		};
		CC3EAC6021C12C19003AFE9A /* LaunchScreen.storyboard */ = {
			isa = PBXVariantGroup;
			children = (
				CC3EAC6121C12C19003AFE9A /* Base */,
			);
			name = LaunchScreen.storyboard;
			sourceTree = "<group>";
		};
/* End PBXVariantGroup section */

/* Begin XCBuildConfiguration section */
		CC3EAC7A21C12C19003AFE9A /* Debug */ = {
			isa = XCBuildConfiguration;
			buildSettings = {
				ALWAYS_SEARCH_USER_PATHS = NO;
				CLANG_ANALYZER_NONNULL = YES;
				CLANG_ANALYZER_NUMBER_OBJECT_CONVERSION = YES_AGGRESSIVE;
				CLANG_CXX_LANGUAGE_STANDARD = "gnu++14";
				CLANG_CXX_LIBRARY = "libc++";
				CLANG_ENABLE_MODULES = YES;
				CLANG_ENABLE_OBJC_ARC = YES;
				CLANG_ENABLE_OBJC_WEAK = YES;
				CLANG_WARN_BLOCK_CAPTURE_AUTORELEASING = YES;
				CLANG_WARN_BOOL_CONVERSION = YES;
				CLANG_WARN_COMMA = YES;
				CLANG_WARN_CONSTANT_CONVERSION = YES;
				CLANG_WARN_DEPRECATED_OBJC_IMPLEMENTATIONS = YES;
				CLANG_WARN_DIRECT_OBJC_ISA_USAGE = YES_ERROR;
				CLANG_WARN_DOCUMENTATION_COMMENTS = YES;
				CLANG_WARN_EMPTY_BODY = YES;
				CLANG_WARN_ENUM_CONVERSION = YES;
				CLANG_WARN_INFINITE_RECURSION = YES;
				CLANG_WARN_INT_CONVERSION = YES;
				CLANG_WARN_NON_LITERAL_NULL_CONVERSION = YES;
				CLANG_WARN_OBJC_IMPLICIT_RETAIN_SELF = YES;
				CLANG_WARN_OBJC_LITERAL_CONVERSION = YES;
				CLANG_WARN_OBJC_ROOT_CLASS = YES_ERROR;
				CLANG_WARN_RANGE_LOOP_ANALYSIS = YES;
				CLANG_WARN_STRICT_PROTOTYPES = YES;
				CLANG_WARN_SUSPICIOUS_MOVE = YES;
				CLANG_WARN_UNGUARDED_AVAILABILITY = YES_AGGRESSIVE;
				CLANG_WARN_UNREACHABLE_CODE = YES;
				CLANG_WARN__DUPLICATE_METHOD_MATCH = YES;
				CODE_SIGN_IDENTITY = "iPhone Developer";
				COPY_PHASE_STRIP = NO;
				DEBUG_INFORMATION_FORMAT = dwarf;
				ENABLE_STRICT_OBJC_MSGSEND = YES;
				ENABLE_TESTABILITY = YES;
				GCC_C_LANGUAGE_STANDARD = gnu11;
				GCC_DYNAMIC_NO_PIC = NO;
				GCC_NO_COMMON_BLOCKS = YES;
				GCC_OPTIMIZATION_LEVEL = 0;
				GCC_PREPROCESSOR_DEFINITIONS = (
					"DEBUG=1",
					"$(inherited)",
				);
				GCC_WARN_64_TO_32_BIT_CONVERSION = YES;
				GCC_WARN_ABOUT_RETURN_TYPE = YES_ERROR;
				GCC_WARN_UNDECLARED_SELECTOR = YES;
				GCC_WARN_UNINITIALIZED_AUTOS = YES_AGGRESSIVE;
				GCC_WARN_UNUSED_FUNCTION = YES;
				GCC_WARN_UNUSED_VARIABLE = YES;
				IPHONEOS_DEPLOYMENT_TARGET = 12.0;
				MTL_ENABLE_DEBUG_INFO = INCLUDE_SOURCE;
				MTL_FAST_MATH = YES;
				ONLY_ACTIVE_ARCH = YES;
				SDKROOT = iphoneos;
				SWIFT_ACTIVE_COMPILATION_CONDITIONS = DEBUG;
				SWIFT_OPTIMIZATION_LEVEL = "-Onone";
			};
			name = Debug;
		};
		CC3EAC7B21C12C19003AFE9A /* Release */ = {
			isa = XCBuildConfiguration;
			buildSettings = {
				ALWAYS_SEARCH_USER_PATHS = NO;
				CLANG_ANALYZER_NONNULL = YES;
				CLANG_ANALYZER_NUMBER_OBJECT_CONVERSION = YES_AGGRESSIVE;
				CLANG_CXX_LANGUAGE_STANDARD = "gnu++14";
				CLANG_CXX_LIBRARY = "libc++";
				CLANG_ENABLE_MODULES = YES;
				CLANG_ENABLE_OBJC_ARC = YES;
				CLANG_ENABLE_OBJC_WEAK = YES;
				CLANG_WARN_BLOCK_CAPTURE_AUTORELEASING = YES;
				CLANG_WARN_BOOL_CONVERSION = YES;
				CLANG_WARN_COMMA = YES;
				CLANG_WARN_CONSTANT_CONVERSION = YES;
				CLANG_WARN_DEPRECATED_OBJC_IMPLEMENTATIONS = YES;
				CLANG_WARN_DIRECT_OBJC_ISA_USAGE = YES_ERROR;
				CLANG_WARN_DOCUMENTATION_COMMENTS = YES;
				CLANG_WARN_EMPTY_BODY = YES;
				CLANG_WARN_ENUM_CONVERSION = YES;
				CLANG_WARN_INFINITE_RECURSION = YES;
				CLANG_WARN_INT_CONVERSION = YES;
				CLANG_WARN_NON_LITERAL_NULL_CONVERSION = YES;
				CLANG_WARN_OBJC_IMPLICIT_RETAIN_SELF = YES;
				CLANG_WARN_OBJC_LITERAL_CONVERSION = YES;
				CLANG_WARN_OBJC_ROOT_CLASS = YES_ERROR;
				CLANG_WARN_RANGE_LOOP_ANALYSIS = YES;
				CLANG_WARN_STRICT_PROTOTYPES = YES;
				CLANG_WARN_SUSPICIOUS_MOVE = YES;
				CLANG_WARN_UNGUARDED_AVAILABILITY = YES_AGGRESSIVE;
				CLANG_WARN_UNREACHABLE_CODE = YES;
				CLANG_WARN__DUPLICATE_METHOD_MATCH = YES;
				CODE_SIGN_IDENTITY = "iPhone Developer";
				COPY_PHASE_STRIP = NO;
				DEBUG_INFORMATION_FORMAT = "dwarf-with-dsym";
				ENABLE_NS_ASSERTIONS = NO;
				ENABLE_STRICT_OBJC_MSGSEND = YES;
				GCC_C_LANGUAGE_STANDARD = gnu11;
				GCC_NO_COMMON_BLOCKS = YES;
				GCC_WARN_64_TO_32_BIT_CONVERSION = YES;
				GCC_WARN_ABOUT_RETURN_TYPE = YES_ERROR;
				GCC_WARN_UNDECLARED_SELECTOR = YES;
				GCC_WARN_UNINITIALIZED_AUTOS = YES_AGGRESSIVE;
				GCC_WARN_UNUSED_FUNCTION = YES;
				GCC_WARN_UNUSED_VARIABLE = YES;
				IPHONEOS_DEPLOYMENT_TARGET = 12.0;
				MTL_ENABLE_DEBUG_INFO = NO;
				MTL_FAST_MATH = YES;
				SDKROOT = iphoneos;
				SWIFT_COMPILATION_MODE = wholemodule;
				SWIFT_OPTIMIZATION_LEVEL = "-O";
				VALIDATE_PRODUCT = YES;
			};
			name = Release;
		};
		CC3EAC7D21C12C19003AFE9A /* Debug */ = {
			isa = XCBuildConfiguration;
			baseConfigurationReference = 6FDBAEC01BACF40DC20704DE /* Pods-DigitAdder.debug.xcconfig */;
			buildSettings = {
				ASSETCATALOG_COMPILER_APPICON_NAME = AppIcon;
				CODE_SIGN_STYLE = Automatic;
				INFOPLIST_FILE = DigitAdder/Info.plist;
				LD_RUNPATH_SEARCH_PATHS = (
					"$(inherited)",
					"@executable_path/Frameworks",
				);
				PRODUCT_BUNDLE_IDENTIFIER = com.globant.DigitAdder;
				PRODUCT_NAME = "$(TARGET_NAME)";
				SWIFT_VERSION = 4.2;
				TARGETED_DEVICE_FAMILY = "1,2";
			};
			name = Debug;
		};
		CC3EAC7E21C12C19003AFE9A /* Release */ = {
			isa = XCBuildConfiguration;
			baseConfigurationReference = E870D7724A0D96311BAF39F5 /* Pods-DigitAdder.release.xcconfig */;
			buildSettings = {
				ASSETCATALOG_COMPILER_APPICON_NAME = AppIcon;
				CODE_SIGN_STYLE = Automatic;
				INFOPLIST_FILE = DigitAdder/Info.plist;
				LD_RUNPATH_SEARCH_PATHS = (
					"$(inherited)",
					"@executable_path/Frameworks",
				);
				PRODUCT_BUNDLE_IDENTIFIER = com.globant.DigitAdder;
				PRODUCT_NAME = "$(TARGET_NAME)";
				SWIFT_VERSION = 4.2;
				TARGETED_DEVICE_FAMILY = "1,2";
			};
			name = Release;
		};
		CC3EAC8021C12C19003AFE9A /* Debug */ = {
			isa = XCBuildConfiguration;
			baseConfigurationReference = FC88A9942E14F9C0A24AA378 /* Pods-DigitAdderTests.debug.xcconfig */;
			buildSettings = {
				ALWAYS_EMBED_SWIFT_STANDARD_LIBRARIES = YES;
				BUNDLE_LOADER = "$(TEST_HOST)";
				CODE_SIGN_STYLE = Automatic;
				INFOPLIST_FILE = DigitAdderTests/Info.plist;
				LD_RUNPATH_SEARCH_PATHS = (
					"$(inherited)",
					"@executable_path/Frameworks",
					"@loader_path/Frameworks",
				);
				PRODUCT_BUNDLE_IDENTIFIER = com.globant.DigitAdderTests;
				PRODUCT_NAME = "$(TARGET_NAME)";
				SWIFT_VERSION = 4.2;
				TARGETED_DEVICE_FAMILY = "1,2";
				TEST_HOST = "$(BUILT_PRODUCTS_DIR)/DigitAdder.app/DigitAdder";
			};
			name = Debug;
		};
		CC3EAC8121C12C19003AFE9A /* Release */ = {
			isa = XCBuildConfiguration;
			baseConfigurationReference = 023C17E08FB8404DDAE4D5B9 /* Pods-DigitAdderTests.release.xcconfig */;
			buildSettings = {
				ALWAYS_EMBED_SWIFT_STANDARD_LIBRARIES = YES;
				BUNDLE_LOADER = "$(TEST_HOST)";
				CODE_SIGN_STYLE = Automatic;
				INFOPLIST_FILE = DigitAdderTests/Info.plist;
				LD_RUNPATH_SEARCH_PATHS = (
					"$(inherited)",
					"@executable_path/Frameworks",
					"@loader_path/Frameworks",
				);
				PRODUCT_BUNDLE_IDENTIFIER = com.globant.DigitAdderTests;
				PRODUCT_NAME = "$(TARGET_NAME)";
				SWIFT_VERSION = 4.2;
				TARGETED_DEVICE_FAMILY = "1,2";
				TEST_HOST = "$(BUILT_PRODUCTS_DIR)/DigitAdder.app/DigitAdder";
			};
			name = Release;
		};
		CC3EAC8321C12C19003AFE9A /* Debug */ = {
			isa = XCBuildConfiguration;
			baseConfigurationReference = C974374B08DF4A382D7425EB /* Pods-DigitAdderUITests.debug.xcconfig */;
			buildSettings = {
				ALWAYS_EMBED_SWIFT_STANDARD_LIBRARIES = YES;
				CODE_SIGN_STYLE = Automatic;
				INFOPLIST_FILE = DigitAdderUITests/Info.plist;
				LD_RUNPATH_SEARCH_PATHS = (
					"$(inherited)",
					"@executable_path/Frameworks",
					"@loader_path/Frameworks",
				);
				PRODUCT_BUNDLE_IDENTIFIER = com.globant.DigitAdderUITests;
				PRODUCT_NAME = "$(TARGET_NAME)";
				SWIFT_VERSION = 4.2;
				TARGETED_DEVICE_FAMILY = "1,2";
				TEST_TARGET_NAME = DigitAdder;
			};
			name = Debug;
		};
		CC3EAC8421C12C19003AFE9A /* Release */ = {
			isa = XCBuildConfiguration;
			baseConfigurationReference = 512D04D3ED189AA7FEFFCFFC /* Pods-DigitAdderUITests.release.xcconfig */;
			buildSettings = {
				ALWAYS_EMBED_SWIFT_STANDARD_LIBRARIES = YES;
				CODE_SIGN_STYLE = Automatic;
				INFOPLIST_FILE = DigitAdderUITests/Info.plist;
				LD_RUNPATH_SEARCH_PATHS = (
					"$(inherited)",
					"@executable_path/Frameworks",
					"@loader_path/Frameworks",
				);
				PRODUCT_BUNDLE_IDENTIFIER = com.globant.DigitAdderUITests;
				PRODUCT_NAME = "$(TARGET_NAME)";
				SWIFT_VERSION = 4.2;
				TARGETED_DEVICE_FAMILY = "1,2";
				TEST_TARGET_NAME = DigitAdder;
			};
			name = Release;
		};
/* End XCBuildConfiguration section */

/* Begin XCConfigurationList section */
		CC3EAC4F21C12C18003AFE9A /* Build configuration list for PBXProject "DigitAdder" */ = {
			isa = XCConfigurationList;
			buildConfigurations = (
				CC3EAC7A21C12C19003AFE9A /* Debug */,
				CC3EAC7B21C12C19003AFE9A /* Release */,
			);
			defaultConfigurationIsVisible = 0;
			defaultConfigurationName = Release;
		};
		CC3EAC7C21C12C19003AFE9A /* Build configuration list for PBXNativeTarget "DigitAdder" */ = {
			isa = XCConfigurationList;
			buildConfigurations = (
				CC3EAC7D21C12C19003AFE9A /* Debug */,
				CC3EAC7E21C12C19003AFE9A /* Release */,
			);
			defaultConfigurationIsVisible = 0;
			defaultConfigurationName = Release;
		};
		CC3EAC7F21C12C19003AFE9A /* Build configuration list for PBXNativeTarget "DigitAdderTests" */ = {
			isa = XCConfigurationList;
			buildConfigurations = (
				CC3EAC8021C12C19003AFE9A /* Debug */,
				CC3EAC8121C12C19003AFE9A /* Release */,
			);
			defaultConfigurationIsVisible = 0;
			defaultConfigurationName = Release;
		};
		CC3EAC8221C12C19003AFE9A /* Build configuration list for PBXNativeTarget "DigitAdderUITests" */ = {
			isa = XCConfigurationList;
			buildConfigurations = (
				CC3EAC8321C12C19003AFE9A /* Debug */,
				CC3EAC8421C12C19003AFE9A /* Release */,
			);
			defaultConfigurationIsVisible = 0;
			defaultConfigurationName = Release;
		};
/* End XCConfigurationList section */
	};
	rootObject = CC3EAC4C21C12C18003AFE9A /* Project object */;
}
